PODS:
  - Mapbox-iOS-SDK (6.4.1):
    - MapboxMobileEvents (~> 0.10.12)
  - MapboxMobileEvents (0.10.14)

DEPENDENCIES:
  - Mapbox-iOS-SDK

SPEC REPOS:
  trunk:
    - Mapbox-iOS-SDK
    - MapboxMobileEvents

SPEC CHECKSUMS:
  Mapbox-iOS-SDK: f870f83cbdc7aa4a74afcee143aafb0dae390c82
  MapboxMobileEvents: 5a172cc9bbf8ac0e45ba86095cbee685ede248cc

PODFILE CHECKSUM: 57cb8fd8fbbc7717d6af329497e665c4c0b82e22

COCOAPODS: 1.11.3
